
Microsoft Visual Studio Solution File, Format Version 12.00
# Visual Studio 2013
VisualStudioVersion = 12.0.21005.1
MinimumVisualStudioVersion = 10.0.40219.1
Project("{FAE04EC0-301F-11D3-BF4B-00C04F79EFBC}") = "CapaPresentacion", "Cuentas Por Cobrar2\CapaPresentacion.csproj", "{FC0FCB7A-9FC4-4D0B-9579-506844774FEB}"
EndProject
Project("{FAE04EC0-301F-11D3-BF4B-00C04F79EFBC}") = "CapaDatos", "BdConexion\CapaDatos.csproj", "{FA4AB724-740F-4421-97E3-24065A00B326}"
EndProject
Project("{FAE04EC0-301F-11D3-BF4B-00C04F79EFBC}") = "CapaMant", "CapaMant\CapaMant.csproj", "{B4C0AACD-E08E-4A00-BEE3-22D262A7E57F}"
EndProject
Global
	GlobalSection(SolutionConfigurationPlatforms) = preSolution
		Debug|Any CPU = Debug|Any CPU
		Release|Any CPU = Release|Any CPU
	EndGlobalSection
	GlobalSection(ProjectConfigurationPlatforms) = postSolution
		{FC0FCB7A-9FC4-4D0B-9579-506844774FEB}.Debug|Any CPU.ActiveCfg = Debug|Any CPU
		{FC0FCB7A-9FC4-4D0B-9579-506844774FEB}.Debug|Any CPU.Build.0 = Debug|Any CPU
		{FC0FCB7A-9FC4-4D0B-9579-506844774FEB}.Release|Any CPU.ActiveCfg = Release|Any CPU
		{FC0FCB7A-9FC4-4D0B-9579-506844774FEB}.Release|Any CPU.Build.0 = Release|Any CPU
		{FA4AB724-740F-4421-97E3-24065A00B326}.Debug|Any CPU.ActiveCfg = Debug|Any CPU
		{FA4AB724-740F-4421-97E3-24065A00B326}.Debug|Any CPU.Build.0 = Debug|Any CPU
		{FA4AB724-740F-4421-97E3-24065A00B326}.Release|Any CPU.ActiveCfg = Release|Any CPU
		{FA4AB724-740F-4421-97E3-24065A00B326}.Release|Any CPU.Build.0 = Release|Any CPU
		{B4C0AACD-E08E-4A00-BEE3-22D262A7E57F}.Debug|Any CPU.ActiveCfg = Debug|Any CPU
		{B4C0AACD-E08E-4A00-BEE3-22D262A7E57F}.Debug|Any CPU.Build.0 = Debug|Any CPU
		{B4C0AACD-E08E-4A00-BEE3-22D262A7E57F}.Release|Any CPU.ActiveCfg = Release|Any CPU
		{B4C0AACD-E08E-4A00-BEE3-22D262A7E57F}.Release|Any CPU.Build.0 = Release|Any CPU
	EndGlobalSection
	GlobalSection(SolutionProperties) = preSolution
		HideSolutionNode = FALSE
	EndGlobalSection
EndGlobal
